// !$*UTF8*$!
{
	archiveVersion = 1;
	classes = {
	};
	objectVersion = 77;
	objects = {

/* Begin PBXContainerItemProxy section */
		6E62C8342D81C2C0009DF6E9 /* PBXContainerItemProxy */ = {
			isa = PBXContainerItemProxy;
			containerPortal = 6E042FA32D525A4700C1ACCB /* Project object */;
			proxyType = 1;
			remoteGlobalIDString = 6E042FAA2D525A4700C1ACCB;
			remoteInfo = Vitesse;
		};
		6E62C8462D81C685009DF6E9 /* PBXContainerItemProxy */ = {
			isa = PBXContainerItemProxy;
			containerPortal = 6E042FA32D525A4700C1ACCB /* Project object */;
			proxyType = 1;
			remoteGlobalIDString = 6E042FAA2D525A4700C1ACCB;
			remoteInfo = Vitesse;
		};
		6E62C8572D81CBF7009DF6E9 /* PBXContainerItemProxy */ = {
			isa = PBXContainerItemProxy;
			containerPortal = 6E042FA32D525A4700C1ACCB /* Project object */;
			proxyType = 1;
			remoteGlobalIDString = 6E042FAA2D525A4700C1ACCB;
			remoteInfo = Vitesse;
		};
		6E62C8682D81CF1A009DF6E9 /* PBXContainerItemProxy */ = {
			isa = PBXContainerItemProxy;
			containerPortal = 6E042FA32D525A4700C1ACCB /* Project object */;
			proxyType = 1;
			remoteGlobalIDString = 6E042FAA2D525A4700C1ACCB;
			remoteInfo = Vitesse;
		};
/* End PBXContainerItemProxy section */

/* Begin PBXFileReference section */
		6E042FAB2D525A4700C1ACCB /* Vitesse.app */ = {isa = PBXFileReference; explicitFileType = wrapper.application; includeInIndex = 0; path = Vitesse.app; sourceTree = BUILT_PRODUCTS_DIR; };
		6E62C8302D81C2C0009DF6E9 /* LoginViewModelTest.xctest */ = {isa = PBXFileReference; explicitFileType = wrapper.cfbundle; includeInIndex = 0; path = LoginViewModelTest.xctest; sourceTree = BUILT_PRODUCTS_DIR; };
		6E62C8422D81C685009DF6E9 /* CandidateRepositoryTest.xctest */ = {isa = PBXFileReference; explicitFileType = wrapper.cfbundle; includeInIndex = 0; path = CandidateRepositoryTest.xctest; sourceTree = BUILT_PRODUCTS_DIR; };
		6E62C8532D81CBF6009DF6E9 /* RegistrationViewModelTest.xctest */ = {isa = PBXFileReference; explicitFileType = wrapper.cfbundle; includeInIndex = 0; path = RegistrationViewModelTest.xctest; sourceTree = BUILT_PRODUCTS_DIR; };
		6E62C8642D81CF19009DF6E9 /* CandidateDetailViewModelTests.xctest */ = {isa = PBXFileReference; explicitFileType = wrapper.cfbundle; includeInIndex = 0; path = CandidateDetailViewModelTests.xctest; sourceTree = BUILT_PRODUCTS_DIR; };
/* End PBXFileReference section */

/* Begin PBXFileSystemSynchronizedBuildFileExceptionSet section */
		6E62C83C2D81C2CB009DF6E9 /* Exceptions for "Vitesse" folder in "Vitesse" target */ = {
			isa = PBXFileSystemSynchronizedBuildFileExceptionSet;
			membershipExceptions = (
				Tests/CandidateDetailViewModelTests/CandidateDetailViewModelTests.swift,
				Tests/CandidateRepositoryTest/CandidateRepositoryTest.swift,
				Tests/LoginViewModelTest/LoginViewModelTest.swift,
				Tests/RegistrationViewModelTest/RegistrationViewModelTest.swift,
			);
			target = 6E042FAA2D525A4700C1ACCB /* Vitesse */;
		};
		6E62C83D2D81C2CB009DF6E9 /* Exceptions for "Vitesse" folder in "LoginViewModelTest" target */ = {
			isa = PBXFileSystemSynchronizedBuildFileExceptionSet;
			membershipExceptions = (
				Tests/LoginViewModelTest/LoginViewModelTest.swift,
			);
			target = 6E62C82F2D81C2C0009DF6E9 /* LoginViewModelTest */;
		};
		6E62C84E2D81C68A009DF6E9 /* Exceptions for "Vitesse" folder in "CandidateRepositoryTest" target */ = {
			isa = PBXFileSystemSynchronizedBuildFileExceptionSet;
			membershipExceptions = (
				Tests/CandidateRepositoryTest/CandidateRepositoryTest.swift,
			);
			target = 6E62C8412D81C685009DF6E9 /* CandidateRepositoryTest */;
		};
		6E62C85F2D81CBFB009DF6E9 /* Exceptions for "Vitesse" folder in "RegistrationViewModelTest" target */ = {
			isa = PBXFileSystemSynchronizedBuildFileExceptionSet;
			membershipExceptions = (
				Tests/RegistrationViewModelTest/RegistrationViewModelTest.swift,
			);
			target = 6E62C8522D81CBF6009DF6E9 /* RegistrationViewModelTest */;
		};
		6E62C8702D81CF1D009DF6E9 /* Exceptions for "Vitesse" folder in "CandidateDetailViewModelTests" target */ = {
			isa = PBXFileSystemSynchronizedBuildFileExceptionSet;
			membershipExceptions = (
				Tests/CandidateDetailViewModelTests/CandidateDetailViewModelTests.swift,
			);
			target = 6E62C8632D81CF19009DF6E9 /* CandidateDetailViewModelTests */;
		};
/* End PBXFileSystemSynchronizedBuildFileExceptionSet section */

/* Begin PBXFileSystemSynchronizedRootGroup section */
		6E042FAD2D525A4700C1ACCB /* Vitesse */ = {
			isa = PBXFileSystemSynchronizedRootGroup;
			exceptions = (
				6E62C83C2D81C2CB009DF6E9 /* Exceptions for "Vitesse" folder in "Vitesse" target */,
				6E62C83D2D81C2CB009DF6E9 /* Exceptions for "Vitesse" folder in "LoginViewModelTest" target */,
				6E62C84E2D81C68A009DF6E9 /* Exceptions for "Vitesse" folder in "CandidateRepositoryTest" target */,
				6E62C85F2D81CBFB009DF6E9 /* Exceptions for "Vitesse" folder in "RegistrationViewModelTest" target */,
				6E62C8702D81CF1D009DF6E9 /* Exceptions for "Vitesse" folder in "CandidateDetailViewModelTests" target */,
			);
			path = Vitesse;
			sourceTree = "<group>";
		};
/* End PBXFileSystemSynchronizedRootGroup section */

/* Begin PBXFrameworksBuildPhase section */
		6E042FA82D525A4700C1ACCB /* Frameworks */ = {
			isa = PBXFrameworksBuildPhase;
			buildActionMask = 2147483647;
			files = (
			);
			runOnlyForDeploymentPostprocessing = 0;
		};
		6E62C82D2D81C2C0009DF6E9 /* Frameworks */ = {
			isa = PBXFrameworksBuildPhase;
			buildActionMask = 2147483647;
			files = (
			);
			runOnlyForDeploymentPostprocessing = 0;
		};
		6E62C83F2D81C685009DF6E9 /* Frameworks */ = {
			isa = PBXFrameworksBuildPhase;
			buildActionMask = 2147483647;
			files = (
			);
			runOnlyForDeploymentPostprocessing = 0;
		};
		6E62C8502D81CBF6009DF6E9 /* Frameworks */ = {
			isa = PBXFrameworksBuildPhase;
			buildActionMask = 2147483647;
			files = (
			);
			runOnlyForDeploymentPostprocessing = 0;
		};
		6E62C8612D81CF19009DF6E9 /* Frameworks */ = {
			isa = PBXFrameworksBuildPhase;
			buildActionMask = 2147483647;
			files = (
			);
			runOnlyForDeploymentPostprocessing = 0;
		};
/* End PBXFrameworksBuildPhase section */

/* Begin PBXGroup section */
		6E042FA22D525A4700C1ACCB = {
			isa = PBXGroup;
			children = (
				6E042FAD2D525A4700C1ACCB /* Vitesse */,
				6E042FAC2D525A4700C1ACCB /* Products */,
			);
			sourceTree = "<group>";
		};
		6E042FAC2D525A4700C1ACCB /* Products */ = {
			isa = PBXGroup;
			children = (
				6E042FAB2D525A4700C1ACCB /* Vitesse.app */,
				6E62C8302D81C2C0009DF6E9 /* LoginViewModelTest.xctest */,
				6E62C8422D81C685009DF6E9 /* CandidateRepositoryTest.xctest */,
				6E62C8532D81CBF6009DF6E9 /* RegistrationViewModelTest.xctest */,
				6E62C8642D81CF19009DF6E9 /* CandidateDetailViewModelTests.xctest */,
			);
			name = Products;
			sourceTree = "<group>";
		};
/* End PBXGroup section */

/* Begin PBXNativeTarget section */
		6E042FAA2D525A4700C1ACCB /* Vitesse */ = {
			isa = PBXNativeTarget;
			buildConfigurationList = 6E042FCF2D525A4A00C1ACCB /* Build configuration list for PBXNativeTarget "Vitesse" */;
			buildPhases = (
				6E042FA72D525A4700C1ACCB /* Sources */,
				6E042FA82D525A4700C1ACCB /* Frameworks */,
				6E042FA92D525A4700C1ACCB /* Resources */,
			);
			buildRules = (
			);
			dependencies = (
			);
			fileSystemSynchronizedGroups = (
				6E042FAD2D525A4700C1ACCB /* Vitesse */,
			);
			name = Vitesse;
			packageProductDependencies = (
			);
			productName = Vitesse;
			productReference = 6E042FAB2D525A4700C1ACCB /* Vitesse.app */;
			productType = "com.apple.product-type.application";
		};
		6E62C82F2D81C2C0009DF6E9 /* LoginViewModelTest */ = {
			isa = PBXNativeTarget;
			buildConfigurationList = 6E62C8362D81C2C0009DF6E9 /* Build configuration list for PBXNativeTarget "LoginViewModelTest" */;
			buildPhases = (
				6E62C82C2D81C2C0009DF6E9 /* Sources */,
				6E62C82D2D81C2C0009DF6E9 /* Frameworks */,
				6E62C82E2D81C2C0009DF6E9 /* Resources */,
			);
			buildRules = (
			);
			dependencies = (
				6E62C8352D81C2C0009DF6E9 /* PBXTargetDependency */,
			);
			name = LoginViewModelTest;
			packageProductDependencies = (
			);
			productName = LoginViewModelTest;
			productReference = 6E62C8302D81C2C0009DF6E9 /* LoginViewModelTest.xctest */;
			productType = "com.apple.product-type.bundle.unit-test";
		};
		6E62C8412D81C685009DF6E9 /* CandidateRepositoryTest */ = {
			isa = PBXNativeTarget;
			buildConfigurationList = 6E62C8482D81C685009DF6E9 /* Build configuration list for PBXNativeTarget "CandidateRepositoryTest" */;
			buildPhases = (
				6E62C83E2D81C685009DF6E9 /* Sources */,
				6E62C83F2D81C685009DF6E9 /* Frameworks */,
				6E62C8402D81C685009DF6E9 /* Resources */,
			);
			buildRules = (
			);
			dependencies = (
				6E62C8472D81C685009DF6E9 /* PBXTargetDependency */,
			);
			name = CandidateRepositoryTest;
			packageProductDependencies = (
			);
			productName = CandidateRepositoryTest;
			productReference = 6E62C8422D81C685009DF6E9 /* CandidateRepositoryTest.xctest */;
			productType = "com.apple.product-type.bundle.unit-test";
		};
		6E62C8522D81CBF6009DF6E9 /* RegistrationViewModelTest */ = {
			isa = PBXNativeTarget;
			buildConfigurationList = 6E62C8592D81CBF7009DF6E9 /* Build configuration list for PBXNativeTarget "RegistrationViewModelTest" */;
			buildPhases = (
				6E62C84F2D81CBF6009DF6E9 /* Sources */,
				6E62C8502D81CBF6009DF6E9 /* Frameworks */,
				6E62C8512D81CBF6009DF6E9 /* Resources */,
			);
			buildRules = (
			);
			dependencies = (
				6E62C8582D81CBF7009DF6E9 /* PBXTargetDependency */,
			);
			name = RegistrationViewModelTest;
			packageProductDependencies = (
			);
			productName = RegistrationViewModelTest;
			productReference = 6E62C8532D81CBF6009DF6E9 /* RegistrationViewModelTest.xctest */;
			productType = "com.apple.product-type.bundle.unit-test";
		};
		6E62C8632D81CF19009DF6E9 /* CandidateDetailViewModelTests */ = {
			isa = PBXNativeTarget;
			buildConfigurationList = 6E62C86A2D81CF1A009DF6E9 /* Build configuration list for PBXNativeTarget "CandidateDetailViewModelTests" */;
			buildPhases = (
				6E62C8602D81CF19009DF6E9 /* Sources */,
				6E62C8612D81CF19009DF6E9 /* Frameworks */,
				6E62C8622D81CF19009DF6E9 /* Resources */,
			);
			buildRules = (
			);
			dependencies = (
				6E62C8692D81CF1A009DF6E9 /* PBXTargetDependency */,
			);
			name = CandidateDetailViewModelTests;
			packageProductDependencies = (
			);
			productName = CandidateDetailViewModelTests;
			productReference = 6E62C8642D81CF19009DF6E9 /* CandidateDetailViewModelTests.xctest */;
			productType = "com.apple.product-type.bundle.unit-test";
		};
/* End PBXNativeTarget section */

/* Begin PBXProject section */
		6E042FA32D525A4700C1ACCB /* Project object */ = {
			isa = PBXProject;
			attributes = {
				BuildIndependentTargetsInParallel = 1;
				LastSwiftUpdateCheck = 1620;
				LastUpgradeCheck = 1620;
				TargetAttributes = {
					6E042FAA2D525A4700C1ACCB = {
						CreatedOnToolsVersion = 16.2;
					};
					6E62C82F2D81C2C0009DF6E9 = {
						CreatedOnToolsVersion = 16.2;
						TestTargetID = 6E042FAA2D525A4700C1ACCB;
					};
					6E62C8412D81C685009DF6E9 = {
						CreatedOnToolsVersion = 16.2;
						TestTargetID = 6E042FAA2D525A4700C1ACCB;
					};
					6E62C8522D81CBF6009DF6E9 = {
						CreatedOnToolsVersion = 16.2;
						TestTargetID = 6E042FAA2D525A4700C1ACCB;
					};
					6E62C8632D81CF19009DF6E9 = {
						CreatedOnToolsVersion = 16.2;
						TestTargetID = 6E042FAA2D525A4700C1ACCB;
					};
				};
			};
			buildConfigurationList = 6E042FA62D525A4700C1ACCB /* Build configuration list for PBXProject "Vitesse" */;
			developmentRegion = en;
			hasScannedForEncodings = 0;
			knownRegions = (
				en,
				Base,
			);
			mainGroup = 6E042FA22D525A4700C1ACCB;
			minimizedProjectReferenceProxies = 1;
			preferredProjectObjectVersion = 77;
			productRefGroup = 6E042FAC2D525A4700C1ACCB /* Products */;
			projectDirPath = "";
			projectRoot = "";
			targets = (
				6E042FAA2D525A4700C1ACCB /* Vitesse */,
				6E62C82F2D81C2C0009DF6E9 /* LoginViewModelTest */,
				6E62C8412D81C685009DF6E9 /* CandidateRepositoryTest */,
				6E62C8522D81CBF6009DF6E9 /* RegistrationViewModelTest */,
				6E62C8632D81CF19009DF6E9 /* CandidateDetailViewModelTests */,
			);
		};
/* End PBXProject section */

/* Begin PBXResourcesBuildPhase section */
		6E042FA92D525A4700C1ACCB /* Resources */ = {
			isa = PBXResourcesBuildPhase;
			buildActionMask = 2147483647;
			files = (
			);
			runOnlyForDeploymentPostprocessing = 0;
		};
		6E62C82E2D81C2C0009DF6E9 /* Resources */ = {
			isa = PBXResourcesBuildPhase;
			buildActionMask = 2147483647;
			files = (
			);
			runOnlyForDeploymentPostprocessing = 0;
		};
		6E62C8402D81C685009DF6E9 /* Resources */ = {
			isa = PBXResourcesBuildPhase;
			buildActionMask = 2147483647;
			files = (
			);
			runOnlyForDeploymentPostprocessing = 0;
		};
		6E62C8512D81CBF6009DF6E9 /* Resources */ = {
			isa = PBXResourcesBuildPhase;
			buildActionMask = 2147483647;
			files = (
			);
			runOnlyForDeploymentPostprocessing = 0;
		};
		6E62C8622D81CF19009DF6E9 /* Resources */ = {
			isa = PBXResourcesBuildPhase;
			buildActionMask = 2147483647;
			files = (
			);
			runOnlyForDeploymentPostprocessing = 0;
		};
/* End PBXResourcesBuildPhase section */

/* Begin PBXSourcesBuildPhase section */
		6E042FA72D525A4700C1ACCB /* Sources */ = {
			isa = PBXSourcesBuildPhase;
			buildActionMask = 2147483647;
			files = (
			);
			runOnlyForDeploymentPostprocessing = 0;
		};
		6E62C82C2D81C2C0009DF6E9 /* Sources */ = {
			isa = PBXSourcesBuildPhase;
			buildActionMask = 2147483647;
			files = (
			);
			runOnlyForDeploymentPostprocessing = 0;
		};
		6E62C83E2D81C685009DF6E9 /* Sources */ = {
			isa = PBXSourcesBuildPhase;
			buildActionMask = 2147483647;
			files = (
			);
			runOnlyForDeploymentPostprocessing = 0;
		};
		6E62C84F2D81CBF6009DF6E9 /* Sources */ = {
			isa = PBXSourcesBuildPhase;
			buildActionMask = 2147483647;
			files = (
			);
			runOnlyForDeploymentPostprocessing = 0;
		};
		6E62C8602D81CF19009DF6E9 /* Sources */ = {
			isa = PBXSourcesBuildPhase;
			buildActionMask = 2147483647;
			files = (
			);
			runOnlyForDeploymentPostprocessing = 0;
		};
/* End PBXSourcesBuildPhase section */

/* Begin PBXTargetDependency section */
		6E62C8352D81C2C0009DF6E9 /* PBXTargetDependency */ = {
			isa = PBXTargetDependency;
			target = 6E042FAA2D525A4700C1ACCB /* Vitesse */;
			targetProxy = 6E62C8342D81C2C0009DF6E9 /* PBXContainerItemProxy */;
		};
		6E62C8472D81C685009DF6E9 /* PBXTargetDependency */ = {
			isa = PBXTargetDependency;
			target = 6E042FAA2D525A4700C1ACCB /* Vitesse */;
			targetProxy = 6E62C8462D81C685009DF6E9 /* PBXContainerItemProxy */;
		};
		6E62C8582D81CBF7009DF6E9 /* PBXTargetDependency */ = {
			isa = PBXTargetDependency;
			target = 6E042FAA2D525A4700C1ACCB /* Vitesse */;
			targetProxy = 6E62C8572D81CBF7009DF6E9 /* PBXContainerItemProxy */;
		};
		6E62C8692D81CF1A009DF6E9 /* PBXTargetDependency */ = {
			isa = PBXTargetDependency;
			target = 6E042FAA2D525A4700C1ACCB /* Vitesse */;
			targetProxy = 6E62C8682D81CF1A009DF6E9 /* PBXContainerItemProxy */;
		};
/* End PBXTargetDependency section */

/* Begin XCBuildConfiguration section */
		6E042FCD2D525A4A00C1ACCB /* Debug */ = {
			isa = XCBuildConfiguration;
			buildSettings = {
				ALWAYS_SEARCH_USER_PATHS = NO;
				ASSETCATALOG_COMPILER_GENERATE_SWIFT_ASSET_SYMBOL_EXTENSIONS = YES;
				CLANG_ANALYZER_NONNULL = YES;
				CLANG_ANALYZER_NUMBER_OBJECT_CONVERSION = YES_AGGRESSIVE;
				CLANG_CXX_LANGUAGE_STANDARD = "gnu++20";
				CLANG_ENABLE_MODULES = YES;
				CLANG_ENABLE_OBJC_ARC = YES;
				CLANG_ENABLE_OBJC_WEAK = YES;
				CLANG_WARN_BLOCK_CAPTURE_AUTORELEASING = YES;
				CLANG_WARN_BOOL_CONVERSION = YES;
				CLANG_WARN_COMMA = YES;
				CLANG_WARN_CONSTANT_CONVERSION = YES;
				CLANG_WARN_DEPRECATED_OBJC_IMPLEMENTATIONS = YES;
				CLANG_WARN_DIRECT_OBJC_ISA_USAGE = YES_ERROR;
				CLANG_WARN_DOCUMENTATION_COMMENTS = YES;
				CLANG_WARN_EMPTY_BODY = YES;
				CLANG_WARN_ENUM_CONVERSION = YES;
				CLANG_WARN_INFINITE_RECURSION = YES;
				CLANG_WARN_INT_CONVERSION = YES;
				CLANG_WARN_NON_LITERAL_NULL_CONVERSION = YES;
				CLANG_WARN_OBJC_IMPLICIT_RETAIN_SELF = YES;
				CLANG_WARN_OBJC_LITERAL_CONVERSION = YES;
				CLANG_WARN_OBJC_ROOT_CLASS = YES_ERROR;
				CLANG_WARN_QUOTED_INCLUDE_IN_FRAMEWORK_HEADER = YES;
				CLANG_WARN_RANGE_LOOP_ANALYSIS = YES;
				CLANG_WARN_STRICT_PROTOTYPES = YES;
				CLANG_WARN_SUSPICIOUS_MOVE = YES;
				CLANG_WARN_UNGUARDED_AVAILABILITY = YES_AGGRESSIVE;
				CLANG_WARN_UNREACHABLE_CODE = YES;
				CLANG_WARN__DUPLICATE_METHOD_MATCH = YES;
				COPY_PHASE_STRIP = NO;
				DEBUG_INFORMATION_FORMAT = dwarf;
				ENABLE_STRICT_OBJC_MSGSEND = YES;
				ENABLE_TESTABILITY = YES;
				ENABLE_USER_SCRIPT_SANDBOXING = YES;
				GCC_C_LANGUAGE_STANDARD = gnu17;
				GCC_DYNAMIC_NO_PIC = NO;
				GCC_NO_COMMON_BLOCKS = YES;
				GCC_OPTIMIZATION_LEVEL = 0;
				GCC_PREPROCESSOR_DEFINITIONS = (
					"DEBUG=1",
					"$(inherited)",
				);
				GCC_WARN_64_TO_32_BIT_CONVERSION = YES;
				GCC_WARN_ABOUT_RETURN_TYPE = YES_ERROR;
				GCC_WARN_UNDECLARED_SELECTOR = YES;
				GCC_WARN_UNINITIALIZED_AUTOS = YES_AGGRESSIVE;
				GCC_WARN_UNUSED_FUNCTION = YES;
				GCC_WARN_UNUSED_VARIABLE = YES;
				IPHONEOS_DEPLOYMENT_TARGET = 18.2;
				LOCALIZATION_PREFERS_STRING_CATALOGS = YES;
				MTL_ENABLE_DEBUG_INFO = INCLUDE_SOURCE;
				MTL_FAST_MATH = YES;
				ONLY_ACTIVE_ARCH = YES;
				SDKROOT = iphoneos;
				SWIFT_ACTIVE_COMPILATION_CONDITIONS = "DEBUG $(inherited)";
				SWIFT_OPTIMIZATION_LEVEL = "-Onone";
			};
			name = Debug;
		};
		6E042FCE2D525A4A00C1ACCB /* Release */ = {
			isa = XCBuildConfiguration;
			buildSettings = {
				ALWAYS_SEARCH_USER_PATHS = NO;
				ASSETCATALOG_COMPILER_GENERATE_SWIFT_ASSET_SYMBOL_EXTENSIONS = YES;
				CLANG_ANALYZER_NONNULL = YES;
				CLANG_ANALYZER_NUMBER_OBJECT_CONVERSION = YES_AGGRESSIVE;
				CLANG_CXX_LANGUAGE_STANDARD = "gnu++20";
				CLANG_ENABLE_MODULES = YES;
				CLANG_ENABLE_OBJC_ARC = YES;
				CLANG_ENABLE_OBJC_WEAK = YES;
				CLANG_WARN_BLOCK_CAPTURE_AUTORELEASING = YES;
				CLANG_WARN_BOOL_CONVERSION = YES;
				CLANG_WARN_COMMA = YES;
				CLANG_WARN_CONSTANT_CONVERSION = YES;
				CLANG_WARN_DEPRECATED_OBJC_IMPLEMENTATIONS = YES;
				CLANG_WARN_DIRECT_OBJC_ISA_USAGE = YES_ERROR;
				CLANG_WARN_DOCUMENTATION_COMMENTS = YES;
				CLANG_WARN_EMPTY_BODY = YES;
				CLANG_WARN_ENUM_CONVERSION = YES;
				CLANG_WARN_INFINITE_RECURSION = YES;
				CLANG_WARN_INT_CONVERSION = YES;
				CLANG_WARN_NON_LITERAL_NULL_CONVERSION = YES;
				CLANG_WARN_OBJC_IMPLICIT_RETAIN_SELF = YES;
				CLANG_WARN_OBJC_LITERAL_CONVERSION = YES;
				CLANG_WARN_OBJC_ROOT_CLASS = YES_ERROR;
				CLANG_WARN_QUOTED_INCLUDE_IN_FRAMEWORK_HEADER = YES;
				CLANG_WARN_RANGE_LOOP_ANALYSIS = YES;
				CLANG_WARN_STRICT_PROTOTYPES = YES;
				CLANG_WARN_SUSPICIOUS_MOVE = YES;
				CLANG_WARN_UNGUARDED_AVAILABILITY = YES_AGGRESSIVE;
				CLANG_WARN_UNREACHABLE_CODE = YES;
				CLANG_WARN__DUPLICATE_METHOD_MATCH = YES;
				COPY_PHASE_STRIP = NO;
				DEBUG_INFORMATION_FORMAT = "dwarf-with-dsym";
				ENABLE_NS_ASSERTIONS = NO;
				ENABLE_STRICT_OBJC_MSGSEND = YES;
				ENABLE_USER_SCRIPT_SANDBOXING = YES;
				GCC_C_LANGUAGE_STANDARD = gnu17;
				GCC_NO_COMMON_BLOCKS = YES;
				GCC_WARN_64_TO_32_BIT_CONVERSION = YES;
				GCC_WARN_ABOUT_RETURN_TYPE = YES_ERROR;
				GCC_WARN_UNDECLARED_SELECTOR = YES;
				GCC_WARN_UNINITIALIZED_AUTOS = YES_AGGRESSIVE;
				GCC_WARN_UNUSED_FUNCTION = YES;
				GCC_WARN_UNUSED_VARIABLE = YES;
				IPHONEOS_DEPLOYMENT_TARGET = 18.2;
				LOCALIZATION_PREFERS_STRING_CATALOGS = YES;
				MTL_ENABLE_DEBUG_INFO = NO;
				MTL_FAST_MATH = YES;
				SDKROOT = iphoneos;
				SWIFT_COMPILATION_MODE = wholemodule;
				VALIDATE_PRODUCT = YES;
			};
			name = Release;
		};
		6E042FD02D525A4A00C1ACCB /* Debug */ = {
			isa = XCBuildConfiguration;
			buildSettings = {
				ASSETCATALOG_COMPILER_APPICON_NAME = AppIcon;
				ASSETCATALOG_COMPILER_GLOBAL_ACCENT_COLOR_NAME = AccentColor;
				CODE_SIGN_STYLE = Automatic;
				CURRENT_PROJECT_VERSION = 1;
				DEVELOPMENT_ASSET_PATHS = "\"Vitesse/Preview Content\"";
				DEVELOPMENT_TEAM = NH322A5M6D;
				ENABLE_PREVIEWS = YES;
				GENERATE_INFOPLIST_FILE = YES;
				INFOPLIST_KEY_UIApplicationSceneManifest_Generation = YES;
				INFOPLIST_KEY_UIApplicationSupportsIndirectInputEvents = YES;
				INFOPLIST_KEY_UILaunchScreen_Generation = YES;
				INFOPLIST_KEY_UISupportedInterfaceOrientations_iPad = "UIInterfaceOrientationPortrait UIInterfaceOrientationPortraitUpsideDown UIInterfaceOrientationLandscapeLeft UIInterfaceOrientationLandscapeRight";
				INFOPLIST_KEY_UISupportedInterfaceOrientations_iPhone = "UIInterfaceOrientationPortrait UIInterfaceOrientationLandscapeLeft UIInterfaceOrientationLandscapeRight";
				LD_RUNPATH_SEARCH_PATHS = (
					"$(inherited)",
					"@executable_path/Frameworks",
				);
				MARKETING_VERSION = 1.0;
				PRODUCT_BUNDLE_IDENTIFIER = com.LorenzoM.Vitesse;
				PRODUCT_NAME = "$(TARGET_NAME)";
				SWIFT_EMIT_LOC_STRINGS = YES;
				SWIFT_VERSION = 5.0;
				TARGETED_DEVICE_FAMILY = "1,2";
			};
			name = Debug;
		};
		6E042FD12D525A4A00C1ACCB /* Release */ = {
			isa = XCBuildConfiguration;
			buildSettings = {
				ASSETCATALOG_COMPILER_APPICON_NAME = AppIcon;
				ASSETCATALOG_COMPILER_GLOBAL_ACCENT_COLOR_NAME = AccentColor;
				CODE_SIGN_STYLE = Automatic;
				CURRENT_PROJECT_VERSION = 1;
				DEVELOPMENT_ASSET_PATHS = "\"Vitesse/Preview Content\"";
				DEVELOPMENT_TEAM = NH322A5M6D;
				ENABLE_PREVIEWS = YES;
				GENERATE_INFOPLIST_FILE = YES;
				INFOPLIST_KEY_UIApplicationSceneManifest_Generation = YES;
				INFOPLIST_KEY_UIApplicationSupportsIndirectInputEvents = YES;
				INFOPLIST_KEY_UILaunchScreen_Generation = YES;
				INFOPLIST_KEY_UISupportedInterfaceOrientations_iPad = "UIInterfaceOrientationPortrait UIInterfaceOrientationPortraitUpsideDown UIInterfaceOrientationLandscapeLeft UIInterfaceOrientationLandscapeRight";
				INFOPLIST_KEY_UISupportedInterfaceOrientations_iPhone = "UIInterfaceOrientationPortrait UIInterfaceOrientationLandscapeLeft UIInterfaceOrientationLandscapeRight";
				LD_RUNPATH_SEARCH_PATHS = (
					"$(inherited)",
					"@executable_path/Frameworks",
				);
				MARKETING_VERSION = 1.0;
				PRODUCT_BUNDLE_IDENTIFIER = com.LorenzoM.Vitesse;
				PRODUCT_NAME = "$(TARGET_NAME)";
				SWIFT_EMIT_LOC_STRINGS = YES;
				SWIFT_VERSION = 5.0;
				TARGETED_DEVICE_FAMILY = "1,2";
			};
			name = Release;
		};
		6E62C8372D81C2C0009DF6E9 /* Debug */ = {
			isa = XCBuildConfiguration;
			buildSettings = {
				BUNDLE_LOADER = "$(TEST_HOST)";
				CODE_SIGN_STYLE = Automatic;
				CURRENT_PROJECT_VERSION = 1;
				DEVELOPMENT_TEAM = NH322A5M6D;
				GENERATE_INFOPLIST_FILE = YES;
				MARKETING_VERSION = 1.0;
				PRODUCT_BUNDLE_IDENTIFIER = com.LorenzoM.LoginViewModelTest;
				PRODUCT_NAME = "$(TARGET_NAME)";
				SWIFT_EMIT_LOC_STRINGS = NO;
				SWIFT_VERSION = 5.0;
				TARGETED_DEVICE_FAMILY = "1,2";
				TEST_HOST = "$(BUILT_PRODUCTS_DIR)/Vitesse.app/$(BUNDLE_EXECUTABLE_FOLDER_PATH)/Vitesse";
			};
			name = Debug;
		};
		6E62C8382D81C2C0009DF6E9 /* Release */ = {
			isa = XCBuildConfiguration;
			buildSettings = {
				BUNDLE_LOADER = "$(TEST_HOST)";
				CODE_SIGN_STYLE = Automatic;
				CURRENT_PROJECT_VERSION = 1;
				DEVELOPMENT_TEAM = NH322A5M6D;
				GENERATE_INFOPLIST_FILE = YES;
				MARKETING_VERSION = 1.0;
				PRODUCT_BUNDLE_IDENTIFIER = com.LorenzoM.LoginViewModelTest;
				PRODUCT_NAME = "$(TARGET_NAME)";
				SWIFT_EMIT_LOC_STRINGS = NO;
				SWIFT_VERSION = 5.0;
				TARGETED_DEVICE_FAMILY = "1,2";
				TEST_HOST = "$(BUILT_PRODUCTS_DIR)/Vitesse.app/$(BUNDLE_EXECUTABLE_FOLDER_PATH)/Vitesse";
			};
			name = Release;
		};
		6E62C8492D81C685009DF6E9 /* Debug */ = {
			isa = XCBuildConfiguration;
			buildSettings = {
				BUNDLE_LOADER = "$(TEST_HOST)";
				CODE_SIGN_STYLE = Automatic;
				CURRENT_PROJECT_VERSION = 1;
				DEVELOPMENT_TEAM = NH322A5M6D;
				GENERATE_INFOPLIST_FILE = YES;
				MARKETING_VERSION = 1.0;
				PRODUCT_BUNDLE_IDENTIFIER = com.LorenzoM.CandidateRepositoryTest;
				PRODUCT_NAME = "$(TARGET_NAME)";
				SWIFT_EMIT_LOC_STRINGS = NO;
				SWIFT_VERSION = 5.0;
				TARGETED_DEVICE_FAMILY = "1,2";
				TEST_HOST = "$(BUILT_PRODUCTS_DIR)/Vitesse.app/$(BUNDLE_EXECUTABLE_FOLDER_PATH)/Vitesse";
			};
			name = Debug;
		};
		6E62C84A2D81C685009DF6E9 /* Release */ = {
			isa = XCBuildConfiguration;
			buildSettings = {
				BUNDLE_LOADER = "$(TEST_HOST)";
				CODE_SIGN_STYLE = Automatic;
				CURRENT_PROJECT_VERSION = 1;
				DEVELOPMENT_TEAM = NH322A5M6D;
				GENERATE_INFOPLIST_FILE = YES;
				MARKETING_VERSION = 1.0;
				PRODUCT_BUNDLE_IDENTIFIER = com.LorenzoM.CandidateRepositoryTest;
				PRODUCT_NAME = "$(TARGET_NAME)";
				SWIFT_EMIT_LOC_STRINGS = NO;
				SWIFT_VERSION = 5.0;
				TARGETED_DEVICE_FAMILY = "1,2";
				TEST_HOST = "$(BUILT_PRODUCTS_DIR)/Vitesse.app/$(BUNDLE_EXECUTABLE_FOLDER_PATH)/Vitesse";
			};
			name = Release;
		};
		6E62C85A2D81CBF7009DF6E9 /* Debug */ = {
			isa = XCBuildConfiguration;
			buildSettings = {
				BUNDLE_LOADER = "$(TEST_HOST)";
				CODE_SIGN_STYLE = Automatic;
				CURRENT_PROJECT_VERSION = 1;
				DEVELOPMENT_TEAM = NH322A5M6D;
				GENERATE_INFOPLIST_FILE = YES;
				MARKETING_VERSION = 1.0;
				PRODUCT_BUNDLE_IDENTIFIER = com.LorenzoM.RegistrationViewModelTest;
				PRODUCT_NAME = "$(TARGET_NAME)";
				SWIFT_EMIT_LOC_STRINGS = NO;
				SWIFT_VERSION = 5.0;
				TARGETED_DEVICE_FAMILY = "1,2";
				TEST_HOST = "$(BUILT_PRODUCTS_DIR)/Vitesse.app/$(BUNDLE_EXECUTABLE_FOLDER_PATH)/Vitesse";
			};
			name = Debug;
		};
		6E62C85B2D81CBF7009DF6E9 /* Release */ = {
			isa = XCBuildConfiguration;
			buildSettings = {
				BUNDLE_LOADER = "$(TEST_HOST)";
				CODE_SIGN_STYLE = Automatic;
				CURRENT_PROJECT_VERSION = 1;
				DEVELOPMENT_TEAM = NH322A5M6D;
				GENERATE_INFOPLIST_FILE = YES;
				MARKETING_VERSION = 1.0;
				PRODUCT_BUNDLE_IDENTIFIER = com.LorenzoM.RegistrationViewModelTest;
				PRODUCT_NAME = "$(TARGET_NAME)";
				SWIFT_EMIT_LOC_STRINGS = NO;
				SWIFT_VERSION = 5.0;
				TARGETED_DEVICE_FAMILY = "1,2";
				TEST_HOST = "$(BUILT_PRODUCTS_DIR)/Vitesse.app/$(BUNDLE_EXECUTABLE_FOLDER_PATH)/Vitesse";
			};
			name = Release;
		};
		6E62C86B2D81CF1A009DF6E9 /* Debug */ = {
			isa = XCBuildConfiguration;
			buildSettings = {
				BUNDLE_LOADER = "$(TEST_HOST)";
				CODE_SIGN_STYLE = Automatic;
				CURRENT_PROJECT_VERSION = 1;
				DEVELOPMENT_TEAM = NH322A5M6D;
				GENERATE_INFOPLIST_FILE = YES;
				MARKETING_VERSION = 1.0;
				PRODUCT_BUNDLE_IDENTIFIER = com.LorenzoM.CandidateDetailViewModelTests;
				PRODUCT_NAME = "$(TARGET_NAME)";
				SWIFT_EMIT_LOC_STRINGS = NO;
				SWIFT_VERSION = 5.0;
				TARGETED_DEVICE_FAMILY = "1,2";
				TEST_HOST = "$(BUILT_PRODUCTS_DIR)/Vitesse.app/$(BUNDLE_EXECUTABLE_FOLDER_PATH)/Vitesse";
			};
			name = Debug;
		};
		6E62C86C2D81CF1A009DF6E9 /* Release */ = {
			isa = XCBuildConfiguration;
			buildSettings = {
				BUNDLE_LOADER = "$(TEST_HOST)";
				CODE_SIGN_STYLE = Automatic;
				CURRENT_PROJECT_VERSION = 1;
				DEVELOPMENT_TEAM = NH322A5M6D;
				GENERATE_INFOPLIST_FILE = YES;
				MARKETING_VERSION = 1.0;
				PRODUCT_BUNDLE_IDENTIFIER = com.LorenzoM.CandidateDetailViewModelTests;
				PRODUCT_NAME = "$(TARGET_NAME)";
				SWIFT_EMIT_LOC_STRINGS = NO;
				SWIFT_VERSION = 5.0;
				TARGETED_DEVICE_FAMILY = "1,2";
				TEST_HOST = "$(BUILT_PRODUCTS_DIR)/Vitesse.app/$(BUNDLE_EXECUTABLE_FOLDER_PATH)/Vitesse";
			};
			name = Release;
		};
/* End XCBuildConfiguration section */

/* Begin XCConfigurationList section */
		6E042FA62D525A4700C1ACCB /* Build configuration list for PBXProject "Vitesse" */ = {
			isa = XCConfigurationList;
			buildConfigurations = (
				6E042FCD2D525A4A00C1ACCB /* Debug */,
				6E042FCE2D525A4A00C1ACCB /* Release */,
			);
			defaultConfigurationIsVisible = 0;
			defaultConfigurationName = Release;
		};
		6E042FCF2D525A4A00C1ACCB /* Build configuration list for PBXNativeTarget "Vitesse" */ = {
			isa = XCConfigurationList;
			buildConfigurations = (
				6E042FD02D525A4A00C1ACCB /* Debug */,
				6E042FD12D525A4A00C1ACCB /* Release */,
			);
			defaultConfigurationIsVisible = 0;
			defaultConfigurationName = Release;
		};
		6E62C8362D81C2C0009DF6E9 /* Build configuration list for PBXNativeTarget "LoginViewModelTest" */ = {
			isa = XCConfigurationList;
			buildConfigurations = (
				6E62C8372D81C2C0009DF6E9 /* Debug */,
				6E62C8382D81C2C0009DF6E9 /* Release */,
			);
			defaultConfigurationIsVisible = 0;
			defaultConfigurationName = Release;
		};
		6E62C8482D81C685009DF6E9 /* Build configuration list for PBXNativeTarget "CandidateRepositoryTest" */ = {
			isa = XCConfigurationList;
			buildConfigurations = (
				6E62C8492D81C685009DF6E9 /* Debug */,
				6E62C84A2D81C685009DF6E9 /* Release */,
			);
			defaultConfigurationIsVisible = 0;
			defaultConfigurationName = Release;
		};
		6E62C8592D81CBF7009DF6E9 /* Build configuration list for PBXNativeTarget "RegistrationViewModelTest" */ = {
			isa = XCConfigurationList;
			buildConfigurations = (
				6E62C85A2D81CBF7009DF6E9 /* Debug */,
				6E62C85B2D81CBF7009DF6E9 /* Release */,
			);
			defaultConfigurationIsVisible = 0;
			defaultConfigurationName = Release;
		};
		6E62C86A2D81CF1A009DF6E9 /* Build configuration list for PBXNativeTarget "CandidateDetailViewModelTests" */ = {
			isa = XCConfigurationList;
			buildConfigurations = (
				6E62C86B2D81CF1A009DF6E9 /* Debug */,
				6E62C86C2D81CF1A009DF6E9 /* Release */,
			);
			defaultConfigurationIsVisible = 0;
			defaultConfigurationName = Release;
		};
/* End XCConfigurationList section */
	};
	rootObject = 6E042FA32D525A4700C1ACCB /* Project object */;
}
